
Microsoft Visual Studio Solution File, Format Version 12.00
# Visual Studio Version 17
VisualStudioVersion = 17.6.33723.286
MinimumVisualStudioVersion = 10.0.40219.1
Project("{2150E333-8FDC-42A3-9474-1A3956D46DE8}") = "Internal", "Internal", "{FDC419FB-8F69-4338-A5CE-9CFD7EC4A5E1}"
EndProject
Project("{2150E333-8FDC-42A3-9474-1A3956D46DE8}") = "Scripts", "Scripts", "{77AC05FF-59C0-4AD4-91D4-E03E7428BDDF}"
EndProject
Project("{2150E333-8FDC-42A3-9474-1A3956D46DE8}") = "Dlls", "Dlls", "{B0A77DD2-E4D2-4654-AF06-BCF7BC3A1F40}"
	ProjectSection(SolutionItems) = preProject
		Dlls\AboutThisFolder.md = Dlls\AboutThisFolder.md
	EndProjectSection
EndProject
Project("{2150E333-8FDC-42A3-9474-1A3956D46DE8}") = "CompanionFiles", "CompanionFiles", "{968FB90B-3E46-4E27-BF71-4E411869DBB9}"
EndProject
Project("{2150E333-8FDC-42A3-9474-1A3956D46DE8}") = "Skyline DataMiner", "Skyline DataMiner", "{044173DD-6AC8-4546-A61B-829ABF1F03AC}"
	ProjectSection(SolutionItems) = preProject
		CompanionFiles\Skyline DataMiner\AboutThisFolder.md = CompanionFiles\Skyline DataMiner\AboutThisFolder.md
	EndProjectSection
EndProject
Project("{2150E333-8FDC-42A3-9474-1A3956D46DE8}") = "Documentation", "Documentation", "{05B236F6-1B4C-48A5-A9DD-0F8273701DAF}"
	ProjectSection(SolutionItems) = preProject
		Documentation\AboutThisFolder.md = Documentation\AboutThisFolder.md
		README.md = README.md
	EndProjectSection
EndProject
Project("{2150E333-8FDC-42A3-9474-1A3956D46DE8}") = "Code Analysis", "Code Analysis", "{7F198DD7-2F8A-478B-975A-2C67A339DBF4}"
	ProjectSection(SolutionItems) = preProject
		Internal\Code Analysis\qaction-debug.ruleset = Internal\Code Analysis\qaction-debug.ruleset
		Internal\Code Analysis\qaction-release.ruleset = Internal\Code Analysis\qaction-release.ruleset
	EndProjectSection
EndProject
Project("{2150E333-8FDC-42A3-9474-1A3956D46DE8}") = "Empower Hello World", "Empower Hello World", "{12824D0F-6CC7-42F6-8C13-C38C32B06F16}"
	ProjectSection(SolutionItems) = preProject
		Empower Hello World.xml = Empower Hello World.xml
	EndProjectSection
EndProject
Project("{2150E333-8FDC-42A3-9474-1A3956D46DE8}") = "Actions", "Actions", "{E570AF21-87D3-48A7-8D43-F5671BA33728}"
EndProject
Project("{FAE04EC0-301F-11D3-BF4B-00C04F79EFBC}") = "Empower Hello World_1", "Empower Hello World_1\Empower Hello World_1.csproj", "{1C278C05-32D7-4204-86E5-CAD58BDC60DB}"
EndProject
Global
	GlobalSection(SolutionConfigurationPlatforms) = preSolution
		Debug|Any CPU = Debug|Any CPU
		Release|Any CPU = Release|Any CPU
	EndGlobalSection
	GlobalSection(ProjectConfigurationPlatforms) = postSolution
		{1C278C05-32D7-4204-86E5-CAD58BDC60DB}.Debug|Any CPU.ActiveCfg = Debug|Any CPU
		{1C278C05-32D7-4204-86E5-CAD58BDC60DB}.Debug|Any CPU.Build.0 = Debug|Any CPU
		{1C278C05-32D7-4204-86E5-CAD58BDC60DB}.Release|Any CPU.ActiveCfg = Release|Any CPU
		{1C278C05-32D7-4204-86E5-CAD58BDC60DB}.Release|Any CPU.Build.0 = Release|Any CPU
	EndGlobalSection
	GlobalSection(SolutionProperties) = preSolution
		HideSolutionNode = FALSE
	EndGlobalSection
	GlobalSection(NestedProjects) = preSolution
		{044173DD-6AC8-4546-A61B-829ABF1F03AC} = {968FB90B-3E46-4E27-BF71-4E411869DBB9}
		{7F198DD7-2F8A-478B-975A-2C67A339DBF4} = {FDC419FB-8F69-4338-A5CE-9CFD7EC4A5E1}
		{12824D0F-6CC7-42F6-8C13-C38C32B06F16} = {77AC05FF-59C0-4AD4-91D4-E03E7428BDDF}
		{E570AF21-87D3-48A7-8D43-F5671BA33728} = {12824D0F-6CC7-42F6-8C13-C38C32B06F16}
		{1C278C05-32D7-4204-86E5-CAD58BDC60DB} = {E570AF21-87D3-48A7-8D43-F5671BA33728}
	EndGlobalSection
	GlobalSection(ExtensibilityGlobals) = postSolution
		SolutionGuid = {B4CD30A0-C5BF-46C1-8B3F-A2F0DD54D92D}
	EndGlobalSection
EndGlobal
